// !$*UTF8*$!
{
	archiveVersion = 1;
	classes = {
	};
	objectVersion = 50;
	objects = {

/* Begin PBXBuildFile section */
		C37FECC1214661F9004C2052 /* AppDelegate.swift in Sources */ = {isa = PBXBuildFile; fileRef = C37FECC0214661F9004C2052 /* AppDelegate.swift */; };
		C37FECC3214661F9004C2052 /* ViewController.swift in Sources */ = {isa = PBXBuildFile; fileRef = C37FECC2214661F9004C2052 /* ViewController.swift */; };
		C37FECC6214661F9004C2052 /* Main.storyboard in Resources */ = {isa = PBXBuildFile; fileRef = C37FECC4214661F9004C2052 /* Main.storyboard */; };
		C37FECC8214661FA004C2052 /* Assets.xcassets in Resources */ = {isa = PBXBuildFile; fileRef = C37FECC7214661FA004C2052 /* Assets.xcassets */; };
		C37FECCB214661FA004C2052 /* LaunchScreen.storyboard in Resources */ = {isa = PBXBuildFile; fileRef = C37FECC9214661FA004C2052 /* LaunchScreen.storyboard */; };
		C37FECD421466376004C2052 /* HamburgerMenu.swift in Sources */ = {isa = PBXBuildFile; fileRef = C37FECD321466376004C2052 /* HamburgerMenu.swift */; };
		C37FECD621466385004C2052 /* MenuLauncher.swift in Sources */ = {isa = PBXBuildFile; fileRef = C37FECD521466385004C2052 /* MenuLauncher.swift */; };
/* End PBXBuildFile section */

/* Begin PBXFileReference section */
		C37FECBD214661F9004C2052 /* SlidingMenu.app */ = {isa = PBXFileReference; explicitFileType = wrapper.application; includeInIndex = 0; path = SlidingMenu.app; sourceTree = BUILT_PRODUCTS_DIR; };
		C37FECC0214661F9004C2052 /* AppDelegate.swift */ = {isa = PBXFileReference; lastKnownFileType = sourcecode.swift; path = AppDelegate.swift; sourceTree = "<group>"; };
		C37FECC2214661F9004C2052 /* ViewController.swift */ = {isa = PBXFileReference; lastKnownFileType = sourcecode.swift; path = ViewController.swift; sourceTree = "<group>"; };
		C37FECC5214661F9004C2052 /* Base */ = {isa = PBXFileReference; lastKnownFileType = file.storyboard; name = Base; path = Base.lproj/Main.storyboard; sourceTree = "<group>"; };
		C37FECC7214661FA004C2052 /* Assets.xcassets */ = {isa = PBXFileReference; lastKnownFileType = folder.assetcatalog; path = Assets.xcassets; sourceTree = "<group>"; };
		C37FECCA214661FA004C2052 /* Base */ = {isa = PBXFileReference; lastKnownFileType = file.storyboard; name = Base; path = Base.lproj/LaunchScreen.storyboard; sourceTree = "<group>"; };
		C37FECCC214661FA004C2052 /* Info.plist */ = {isa = PBXFileReference; lastKnownFileType = text.plist.xml; path = Info.plist; sourceTree = "<group>"; };
		C37FECD321466376004C2052 /* HamburgerMenu.swift */ = {isa = PBXFileReference; fileEncoding = 4; lastKnownFileType = sourcecode.swift; path = HamburgerMenu.swift; sourceTree = "<group>"; };
		C37FECD521466385004C2052 /* MenuLauncher.swift */ = {isa = PBXFileReference; fileEncoding = 4; lastKnownFileType = sourcecode.swift; path = MenuLauncher.swift; sourceTree = "<group>"; };
/* End PBXFileReference section */

/* Begin PBXFrameworksBuildPhase section */
		C37FECBA214661F9004C2052 /* Frameworks */ = {
			isa = PBXFrameworksBuildPhase;
			buildActionMask = 2147483647;
			files = (
			);
			runOnlyForDeploymentPostprocessing = 0;
		};
/* End PBXFrameworksBuildPhase section */

/* Begin PBXGroup section */
		C37FECB4214661F8004C2052 = {
			isa = PBXGroup;
			children = (
				C37FECBF214661F9004C2052 /* SlidingMenu */,
				C37FECBE214661F9004C2052 /* Products */,
			);
			sourceTree = "<group>";
		};
		C37FECBE214661F9004C2052 /* Products */ = {
			isa = PBXGroup;
			children = (
				C37FECBD214661F9004C2052 /* SlidingMenu.app */,
			);
			name = Products;
			sourceTree = "<group>";
		};
		C37FECBF214661F9004C2052 /* SlidingMenu */ = {
			isa = PBXGroup;
			children = (
				C37FECD221466352004C2052 /* ReusableComponents */,
				C37FECC0214661F9004C2052 /* AppDelegate.swift */,
				C37FECC2214661F9004C2052 /* ViewController.swift */,
				C37FECC4214661F9004C2052 /* Main.storyboard */,
				C37FECC7214661FA004C2052 /* Assets.xcassets */,
				C37FECC9214661FA004C2052 /* LaunchScreen.storyboard */,
				C37FECCC214661FA004C2052 /* Info.plist */,
			);
			path = SlidingMenu;
			sourceTree = "<group>";
		};
		C37FECD221466352004C2052 /* ReusableComponents */ = {
			isa = PBXGroup;
			children = (
				C37FECD321466376004C2052 /* HamburgerMenu.swift */,
				C37FECD521466385004C2052 /* MenuLauncher.swift */,
			);
			path = ReusableComponents;
			sourceTree = "<group>";
		};
/* End PBXGroup section */

/* Begin PBXNativeTarget section */
		C37FECBC214661F9004C2052 /* SlidingMenu */ = {
			isa = PBXNativeTarget;
			buildConfigurationList = C37FECCF214661FA004C2052 /* Build configuration list for PBXNativeTarget "SlidingMenu" */;
			buildPhases = (
				C37FECB9214661F9004C2052 /* Sources */,
				C37FECBA214661F9004C2052 /* Frameworks */,
				C37FECBB214661F9004C2052 /* Resources */,
			);
			buildRules = (
			);
			dependencies = (
			);
			name = SlidingMenu;
			productName = SlidingMenu;
			productReference = C37FECBD214661F9004C2052 /* SlidingMenu.app */;
			productType = "com.apple.product-type.application";
		};
/* End PBXNativeTarget section */

/* Begin PBXProject section */
		C37FECB5214661F8004C2052 /* Project object */ = {
			isa = PBXProject;
			attributes = {
				LastSwiftUpdateCheck = 0940;
				LastUpgradeCheck = 0940;
				ORGANIZATIONNAME = "Subin Revi";
				TargetAttributes = {
					C37FECBC214661F9004C2052 = {
						CreatedOnToolsVersion = 9.4.1;
					};
				};
			};
			buildConfigurationList = C37FECB8214661F8004C2052 /* Build configuration list for PBXProject "SlidingMenu" */;
			compatibilityVersion = "Xcode 9.3";
			developmentRegion = en;
			hasScannedForEncodings = 0;
			knownRegions = (
				en,
				Base,
			);
			mainGroup = C37FECB4214661F8004C2052;
			productRefGroup = C37FECBE214661F9004C2052 /* Products */;
			projectDirPath = "";
			projectRoot = "";
			targets = (
				C37FECBC214661F9004C2052 /* SlidingMenu */,
			);
		};
/* End PBXProject section */

/* Begin PBXResourcesBuildPhase section */
		C37FECBB214661F9004C2052 /* Resources */ = {
			isa = PBXResourcesBuildPhase;
			buildActionMask = 2147483647;
			files = (
				C37FECCB214661FA004C2052 /* LaunchScreen.storyboard in Resources */,
				C37FECC8214661FA004C2052 /* Assets.xcassets in Resources */,
				C37FECC6214661F9004C2052 /* Main.storyboard in Resources */,
			);
			runOnlyForDeploymentPostprocessing = 0;
		};
/* End PBXResourcesBuildPhase section */

/* Begin PBXSourcesBuildPhase section */
		C37FECB9214661F9004C2052 /* Sources */ = {
			isa = PBXSourcesBuildPhase;
			buildActionMask = 2147483647;
			files = (
				C37FECD621466385004C2052 /* MenuLauncher.swift in Sources */,
				C37FECC3214661F9004C2052 /* ViewController.swift in Sources */,
				C37FECC1214661F9004C2052 /* AppDelegate.swift in Sources */,
				C37FECD421466376004C2052 /* HamburgerMenu.swift in Sources */,
			);
			runOnlyForDeploymentPostprocessing = 0;
		};
/* End PBXSourcesBuildPhase section */

/* Begin PBXVariantGroup section */
		C37FECC4214661F9004C2052 /* Main.storyboard */ = {
			isa = PBXVariantGroup;
			children = (
				C37FECC5214661F9004C2052 /* Base */,
			);
			name = Main.storyboard;
			sourceTree = "<group>";
		};
		C37FECC9214661FA004C2052 /* LaunchScreen.storyboard */ = {
			isa = PBXVariantGroup;
			children = (
				C37FECCA214661FA004C2052 /* Base */,
			);
			name = LaunchScreen.storyboard;
			sourceTree = "<group>";
		};
/* End PBXVariantGroup section */

/* Begin XCBuildConfiguration section */
		C37FECCD214661FA004C2052 /* Debug */ = {
			isa = XCBuildConfiguration;
			buildSettings = {
				ALWAYS_SEARCH_USER_PATHS = NO;
				CLANG_ANALYZER_NONNULL = YES;
				CLANG_ANALYZER_NUMBER_OBJECT_CONVERSION = YES_AGGRESSIVE;
				CLANG_CXX_LANGUAGE_STANDARD = "gnu++14";
				CLANG_CXX_LIBRARY = "libc++";
				CLANG_ENABLE_MODULES = YES;
				CLANG_ENABLE_OBJC_ARC = YES;
				CLANG_ENABLE_OBJC_WEAK = YES;
				CLANG_WARN_BLOCK_CAPTURE_AUTORELEASING = YES;
				CLANG_WARN_BOOL_CONVERSION = YES;
				CLANG_WARN_COMMA = YES;
				CLANG_WARN_CONSTANT_CONVERSION = YES;
				CLANG_WARN_DEPRECATED_OBJC_IMPLEMENTATIONS = YES;
				CLANG_WARN_DIRECT_OBJC_ISA_USAGE = YES_ERROR;
				CLANG_WARN_DOCUMENTATION_COMMENTS = YES;
				CLANG_WARN_EMPTY_BODY = YES;
				CLANG_WARN_ENUM_CONVERSION = YES;
				CLANG_WARN_INFINITE_RECURSION = YES;
				CLANG_WARN_INT_CONVERSION = YES;
				CLANG_WARN_NON_LITERAL_NULL_CONVERSION = YES;
				CLANG_WARN_OBJC_IMPLICIT_RETAIN_SELF = YES;
				CLANG_WARN_OBJC_LITERAL_CONVERSION = YES;
				CLANG_WARN_OBJC_ROOT_CLASS = YES_ERROR;
				CLANG_WARN_RANGE_LOOP_ANALYSIS = YES;
				CLANG_WARN_STRICT_PROTOTYPES = YES;
				CLANG_WARN_SUSPICIOUS_MOVE = YES;
				CLANG_WARN_UNGUARDED_AVAILABILITY = YES_AGGRESSIVE;
				CLANG_WARN_UNREACHABLE_CODE = YES;
				CLANG_WARN__DUPLICATE_METHOD_MATCH = YES;
				CODE_SIGN_IDENTITY = "iPhone Developer";
				COPY_PHASE_STRIP = NO;
				DEBUG_INFORMATION_FORMAT = dwarf;
				ENABLE_STRICT_OBJC_MSGSEND = YES;
				ENABLE_TESTABILITY = YES;
				GCC_C_LANGUAGE_STANDARD = gnu11;
				GCC_DYNAMIC_NO_PIC = NO;
				GCC_NO_COMMON_BLOCKS = YES;
				GCC_OPTIMIZATION_LEVEL = 0;
				GCC_PREPROCESSOR_DEFINITIONS = (
					"DEBUG=1",
					"$(inherited)",
				);
				GCC_WARN_64_TO_32_BIT_CONVERSION = YES;
				GCC_WARN_ABOUT_RETURN_TYPE = YES_ERROR;
				GCC_WARN_UNDECLARED_SELECTOR = YES;
				GCC_WARN_UNINITIALIZED_AUTOS = YES_AGGRESSIVE;
				GCC_WARN_UNUSED_FUNCTION = YES;
				GCC_WARN_UNUSED_VARIABLE = YES;
				IPHONEOS_DEPLOYMENT_TARGET = 11.4;
				MTL_ENABLE_DEBUG_INFO = YES;
				ONLY_ACTIVE_ARCH = YES;
				SDKROOT = iphoneos;
				SWIFT_ACTIVE_COMPILATION_CONDITIONS = DEBUG;
				SWIFT_OPTIMIZATION_LEVEL = "-Onone";
			};
			name = Debug;
		};
		C37FECCE214661FA004C2052 /* Release */ = {
			isa = XCBuildConfiguration;
			buildSettings = {
				ALWAYS_SEARCH_USER_PATHS = NO;
				CLANG_ANALYZER_NONNULL = YES;
				CLANG_ANALYZER_NUMBER_OBJECT_CONVERSION = YES_AGGRESSIVE;
				CLANG_CXX_LANGUAGE_STANDARD = "gnu++14";
				CLANG_CXX_LIBRARY = "libc++";
				CLANG_ENABLE_MODULES = YES;
				CLANG_ENABLE_OBJC_ARC = YES;
				CLANG_ENABLE_OBJC_WEAK = YES;
				CLANG_WARN_BLOCK_CAPTURE_AUTORELEASING = YES;
				CLANG_WARN_BOOL_CONVERSION = YES;
				CLANG_WARN_COMMA = YES;
				CLANG_WARN_CONSTANT_CONVERSION = YES;
				CLANG_WARN_DEPRECATED_OBJC_IMPLEMENTATIONS = YES;
				CLANG_WARN_DIRECT_OBJC_ISA_USAGE = YES_ERROR;
				CLANG_WARN_DOCUMENTATION_COMMENTS = YES;
				CLANG_WARN_EMPTY_BODY = YES;
				CLANG_WARN_ENUM_CONVERSION = YES;
				CLANG_WARN_INFINITE_RECURSION = YES;
				CLANG_WARN_INT_CONVERSION = YES;
				CLANG_WARN_NON_LITERAL_NULL_CONVERSION = YES;
				CLANG_WARN_OBJC_IMPLICIT_RETAIN_SELF = YES;
				CLANG_WARN_OBJC_LITERAL_CONVERSION = YES;
				CLANG_WARN_OBJC_ROOT_CLASS = YES_ERROR;
				CLANG_WARN_RANGE_LOOP_ANALYSIS = YES;
				CLANG_WARN_STRICT_PROTOTYPES = YES;
				CLANG_WARN_SUSPICIOUS_MOVE = YES;
				CLANG_WARN_UNGUARDED_AVAILABILITY = YES_AGGRESSIVE;
				CLANG_WARN_UNREACHABLE_CODE = YES;
				CLANG_WARN__DUPLICATE_METHOD_MATCH = YES;
				CODE_SIGN_IDENTITY = "iPhone Developer";
				COPY_PHASE_STRIP = NO;
				DEBUG_INFORMATION_FORMAT = "dwarf-with-dsym";
				ENABLE_NS_ASSERTIONS = NO;
				ENABLE_STRICT_OBJC_MSGSEND = YES;
				GCC_C_LANGUAGE_STANDARD = gnu11;
				GCC_NO_COMMON_BLOCKS = YES;
				GCC_WARN_64_TO_32_BIT_CONVERSION = YES;
				GCC_WARN_ABOUT_RETURN_TYPE = YES_ERROR;
				GCC_WARN_UNDECLARED_SELECTOR = YES;
				GCC_WARN_UNINITIALIZED_AUTOS = YES_AGGRESSIVE;
				GCC_WARN_UNUSED_FUNCTION = YES;
				GCC_WARN_UNUSED_VARIABLE = YES;
				IPHONEOS_DEPLOYMENT_TARGET = 11.4;
				MTL_ENABLE_DEBUG_INFO = NO;
				SDKROOT = iphoneos;
				SWIFT_COMPILATION_MODE = wholemodule;
				SWIFT_OPTIMIZATION_LEVEL = "-O";
				VALIDATE_PRODUCT = YES;
			};
			name = Release;
		};
		C37FECD0214661FA004C2052 /* Debug */ = {
			isa = XCBuildConfiguration;
			buildSettings = {
				ASSETCATALOG_COMPILER_APPICON_NAME = AppIcon;
				CODE_SIGN_STYLE = Manual;
				DEVELOPMENT_TEAM = "";
				INFOPLIST_FILE = SlidingMenu/Info.plist;
				LD_RUNPATH_SEARCH_PATHS = (
					"$(inherited)",
					"@executable_path/Frameworks",
				);
				PRODUCT_BUNDLE_IDENTIFIER = com.test.SlidingMenu;
				PRODUCT_NAME = "$(TARGET_NAME)";
				PROVISIONING_PROFILE_SPECIFIER = "";
				SWIFT_VERSION = 4.0;
				TARGETED_DEVICE_FAMILY = "1,2";
			};
			name = Debug;
		};
		C37FECD1214661FA004C2052 /* Release */ = {
			isa = XCBuildConfiguration;
			buildSettings = {
				ASSETCATALOG_COMPILER_APPICON_NAME = AppIcon;
				CODE_SIGN_STYLE = Manual;
				DEVELOPMENT_TEAM = "";
				INFOPLIST_FILE = SlidingMenu/Info.plist;
				LD_RUNPATH_SEARCH_PATHS = (
					"$(inherited)",
					"@executable_path/Frameworks",
				);
				PRODUCT_BUNDLE_IDENTIFIER = com.test.SlidingMenu;
				PRODUCT_NAME = "$(TARGET_NAME)";
				PROVISIONING_PROFILE_SPECIFIER = "";
				SWIFT_VERSION = 4.0;
				TARGETED_DEVICE_FAMILY = "1,2";
			};
			name = Release;
		};
/* End XCBuildConfiguration section */

/* Begin XCConfigurationList section */
		C37FECB8214661F8004C2052 /* Build configuration list for PBXProject "SlidingMenu" */ = {
			isa = XCConfigurationList;
			buildConfigurations = (
				C37FECCD214661FA004C2052 /* Debug */,
				C37FECCE214661FA004C2052 /* Release */,
			);
			defaultConfigurationIsVisible = 0;
			defaultConfigurationName = Release;
		};
		C37FECCF214661FA004C2052 /* Build configuration list for PBXNativeTarget "SlidingMenu" */ = {
			isa = XCConfigurationList;
			buildConfigurations = (
				C37FECD0214661FA004C2052 /* Debug */,
				C37FECD1214661FA004C2052 /* Release */,
			);
			defaultConfigurationIsVisible = 0;
			defaultConfigurationName = Release;
		};
/* End XCConfigurationList section */
	};
	rootObject = C37FECB5214661F8004C2052 /* Project object */;
}
